
Microsoft Visual Studio Solution File, Format Version 12.00
# Visual Studio Version 17
VisualStudioVersion = 17.12.35728.132 d17.12
MinimumVisualStudioVersion = 10.0.40219.1
Project("{FAE04EC0-301F-11D3-BF4B-00C04F79EFBC}") = "whr_wpf", "whr_wpf\whr_wpf.csproj", "{E5B95F3A-6ADB-4FDB-BAE6-576C40F5B139}"
EndProject
Project("{FAE04EC0-301F-11D3-BF4B-00C04F79EFBC}") = "whr_wpfTests", "whr_wpfTests\whr_wpfTests.csproj", "{4FA8E4D3-865B-45A8-8ABC-9D8098785720}"
EndProject
Project("{FAE04EC0-301F-11D3-BF4B-00C04F79EFBC}") = "whr_core", "whr_core\whr_core.csproj", "{5266E8F7-7ED5-4DC6-894D-A639CA1D2A7D}"
EndProject
Project("{FAE04EC0-301F-11D3-BF4B-00C04F79EFBC}") = "whr_scenario", "whr_scenario\whr_scenario.csproj", "{3989EC86-64D0-481C-88C9-6A52033630FD}"
EndProject
Project("{FAE04EC0-301F-11D3-BF4B-00C04F79EFBC}") = "whr_coreTests", "whr_coreTests\whr_coreTests.csproj", "{933CCE28-40F1-438C-BCEA-080D1E095B1B}"
EndProject
Project("{FAE04EC0-301F-11D3-BF4B-00C04F79EFBC}") = "whr_scenarioTests", "whr_scenarioTests\whr_scenarioTests.csproj", "{12F8403E-55DA-41F7-9DBA-B481191CEFED}"
EndProject
Global
	GlobalSection(SolutionConfigurationPlatforms) = preSolution
		Debug|Any CPU = Debug|Any CPU
		Release|Any CPU = Release|Any CPU
	EndGlobalSection
	GlobalSection(ProjectConfigurationPlatforms) = postSolution
		{E5B95F3A-6ADB-4FDB-BAE6-576C40F5B139}.Debug|Any CPU.ActiveCfg = Debug|Any CPU
		{E5B95F3A-6ADB-4FDB-BAE6-576C40F5B139}.Debug|Any CPU.Build.0 = Debug|Any CPU
		{E5B95F3A-6ADB-4FDB-BAE6-576C40F5B139}.Release|Any CPU.ActiveCfg = Release|Any CPU
		{E5B95F3A-6ADB-4FDB-BAE6-576C40F5B139}.Release|Any CPU.Build.0 = Release|Any CPU
		{4FA8E4D3-865B-45A8-8ABC-9D8098785720}.Debug|Any CPU.ActiveCfg = Debug|Any CPU
		{4FA8E4D3-865B-45A8-8ABC-9D8098785720}.Debug|Any CPU.Build.0 = Debug|Any CPU
		{4FA8E4D3-865B-45A8-8ABC-9D8098785720}.Release|Any CPU.ActiveCfg = Release|Any CPU
		{4FA8E4D3-865B-45A8-8ABC-9D8098785720}.Release|Any CPU.Build.0 = Release|Any CPU
		{5266E8F7-7ED5-4DC6-894D-A639CA1D2A7D}.Debug|Any CPU.ActiveCfg = Debug|Any CPU
		{5266E8F7-7ED5-4DC6-894D-A639CA1D2A7D}.Debug|Any CPU.Build.0 = Debug|Any CPU
		{5266E8F7-7ED5-4DC6-894D-A639CA1D2A7D}.Release|Any CPU.ActiveCfg = Release|Any CPU
		{5266E8F7-7ED5-4DC6-894D-A639CA1D2A7D}.Release|Any CPU.Build.0 = Release|Any CPU
		{3989EC86-64D0-481C-88C9-6A52033630FD}.Debug|Any CPU.ActiveCfg = Debug|Any CPU
		{3989EC86-64D0-481C-88C9-6A52033630FD}.Debug|Any CPU.Build.0 = Debug|Any CPU
		{3989EC86-64D0-481C-88C9-6A52033630FD}.Release|Any CPU.ActiveCfg = Release|Any CPU
		{3989EC86-64D0-481C-88C9-6A52033630FD}.Release|Any CPU.Build.0 = Release|Any CPU
		{933CCE28-40F1-438C-BCEA-080D1E095B1B}.Debug|Any CPU.ActiveCfg = Debug|Any CPU
		{933CCE28-40F1-438C-BCEA-080D1E095B1B}.Debug|Any CPU.Build.0 = Debug|Any CPU
		{933CCE28-40F1-438C-BCEA-080D1E095B1B}.Release|Any CPU.ActiveCfg = Release|Any CPU
		{933CCE28-40F1-438C-BCEA-080D1E095B1B}.Release|Any CPU.Build.0 = Release|Any CPU
		{12F8403E-55DA-41F7-9DBA-B481191CEFED}.Debug|Any CPU.ActiveCfg = Debug|Any CPU
		{12F8403E-55DA-41F7-9DBA-B481191CEFED}.Debug|Any CPU.Build.0 = Debug|Any CPU
		{12F8403E-55DA-41F7-9DBA-B481191CEFED}.Release|Any CPU.ActiveCfg = Release|Any CPU
		{12F8403E-55DA-41F7-9DBA-B481191CEFED}.Release|Any CPU.Build.0 = Release|Any CPU
	EndGlobalSection
	GlobalSection(SolutionProperties) = preSolution
		HideSolutionNode = FALSE
	EndGlobalSection
	GlobalSection(ExtensibilityGlobals) = postSolution
		SolutionGuid = {B745E833-1A93-4BA9-8EA4-56E883729FFF}
	EndGlobalSection
EndGlobal
